{
    "_meta": {
        "hash": {
            "sha256": "cd034b1df3dd9948070a1ec4ad71e2a852ccf7e70ff16a02823e9068c776b53e"
        },
        "pipfile-spec": 6,
        "requires": {
            "python_version": "3.7"
        },
        "sources": [
            {
                "name": "pypi",
                "url": "https://pypi.org/simple",
                "verify_ssl": true
            }
        ]
    },
    "default": {
        "mutagen": {
            "hashes": [
                "sha256:1cfc9f40cc0c89f051e3f3dbd5d9057a193c98433cf6c95e02d7f5a395615c01",
                "sha256:56065d8a9ca0bc64610a4d0f37e2bd4453381dde3226b8835ee656faa3287be4"
            ],
            "index": "pypi",
            "version": "==1.44.0"
        },
        "unidecode": {
            "hashes": [
                "sha256:8e4352fb93d5a735c788110d2e7ac8e8031eb06ccbfe8d324ab71735015f9342",
                "sha256:afa04efcdd818a93237574791be9b2817d7077c25a068b00f8cff7baa4e59257"
            ],
            "index": "pypi",
            "version": "==1.3.4"
        }
    },
    "develop": {}
}
